
Microsoft Visual Studio Solution File, Format Version 12.00
# Visual Studio Version 17
VisualStudioVersion = 17.10.35122.118
MinimumVisualStudioVersion = 10.0.40219.1
Project("{FAE04EC0-301F-11D3-BF4B-00C04F79EFBC}") = "BlazorCounter", "BlazorCounter\BlazorCounter.csproj", "{65946661-E226-47CD-BBE8-C3E0AAD348E6}"
EndProject
Global
	GlobalSection(SolutionConfigurationPlatforms) = preSolution
		Debug|Any CPU = Debug|Any CPU
		Release|Any CPU = Release|Any CPU
	EndGlobalSection
	GlobalSection(ProjectConfigurationPlatforms) = postSolution
		{65946661-E226-47CD-BBE8-C3E0AAD348E6}.Debug|Any CPU.ActiveCfg = Debug|Any CPU
		{65946661-E226-47CD-BBE8-C3E0AAD348E6}.Debug|Any CPU.Build.0 = Debug|Any CPU
		{65946661-E226-47CD-BBE8-C3E0AAD348E6}.Release|Any CPU.ActiveCfg = Release|Any CPU
		{65946661-E226-47CD-BBE8-C3E0AAD348E6}.Release|Any CPU.Build.0 = Release|Any CPU
	EndGlobalSection
	GlobalSection(SolutionProperties) = preSolution
		HideSolutionNode = FALSE
	EndGlobalSection
	GlobalSection(ExtensibilityGlobals) = postSolution
		SolutionGuid = {98E0287B-0995-45C5-BB36-FD638A9B36E5}
	EndGlobalSection
EndGlobal
